
Microsoft Visual Studio Solution File, Format Version 12.00
# Visual Studio 2012
Project("{FAE04EC0-301F-11D3-BF4B-00C04F79EFBC}") = "PSI", "PSI\PSI.csproj", "{ACDBF2CC-7B8D-4DD6-9468-64321497100C}"
EndProject
Global
	GlobalSection(SolutionConfigurationPlatforms) = preSolution
		Debug|Any CPU = Debug|Any CPU
		Release|Any CPU = Release|Any CPU
	EndGlobalSection
	GlobalSection(ProjectConfigurationPlatforms) = postSolution
		{ACDBF2CC-7B8D-4DD6-9468-64321497100C}.Debug|Any CPU.ActiveCfg = Debug|Any CPU
		{ACDBF2CC-7B8D-4DD6-9468-64321497100C}.Debug|Any CPU.Build.0 = Debug|Any CPU
		{ACDBF2CC-7B8D-4DD6-9468-64321497100C}.Release|Any CPU.ActiveCfg = Release|Any CPU
		{ACDBF2CC-7B8D-4DD6-9468-64321497100C}.Release|Any CPU.Build.0 = Release|Any CPU
	EndGlobalSection
	GlobalSection(SolutionProperties) = preSolution
		HideSolutionNode = FALSE
	EndGlobalSection
EndGlobal
